// !$*UTF8*$!
{
	archiveVersion = 1;
	classes = {
	};
	objectVersion = 55;
	objects = {

/* Begin PBXBuildFile section */
		DC78DD7C282E383B007914D7 /* AppDelegate.swift in Sources */ = {isa = PBXBuildFile; fileRef = DC78DD7B282E383B007914D7 /* AppDelegate.swift */; };
		DC78DD7E282E383B007914D7 /* SceneDelegate.swift in Sources */ = {isa = PBXBuildFile; fileRef = DC78DD7D282E383B007914D7 /* SceneDelegate.swift */; };
		DC78DD83282E383B007914D7 /* Main.storyboard in Resources */ = {isa = PBXBuildFile; fileRef = DC78DD81282E383B007914D7 /* Main.storyboard */; };
		DC78DD85282E383D007914D7 /* Assets.xcassets in Resources */ = {isa = PBXBuildFile; fileRef = DC78DD84282E383D007914D7 /* Assets.xcassets */; };
		DC78DD88282E383D007914D7 /* LaunchScreen.storyboard in Resources */ = {isa = PBXBuildFile; fileRef = DC78DD86282E383D007914D7 /* LaunchScreen.storyboard */; };
		DC78DD90282E39B3007914D7 /* TableViewController.swift in Sources */ = {isa = PBXBuildFile; fileRef = DC78DD8F282E39B3007914D7 /* TableViewController.swift */; };
		DC78DD92282E3A50007914D7 /* AddViewController.swift in Sources */ = {isa = PBXBuildFile; fileRef = DC78DD91282E3A50007914D7 /* AddViewController.swift */; };
		DC78DD94282E3A5D007914D7 /* DetailViewController.swift in Sources */ = {isa = PBXBuildFile; fileRef = DC78DD93282E3A5D007914D7 /* DetailViewController.swift */; };
		DC78DD98282E3B61007914D7 /* 2.jpg in Resources */ = {isa = PBXBuildFile; fileRef = DC78DD95282E3B61007914D7 /* 2.jpg */; };
		DC78DD99282E3B61007914D7 /* 3.jpg in Resources */ = {isa = PBXBuildFile; fileRef = DC78DD96282E3B61007914D7 /* 3.jpg */; };
		DC78DD9A282E3B61007914D7 /* 1.jpg in Resources */ = {isa = PBXBuildFile; fileRef = DC78DD97282E3B61007914D7 /* 1.jpg */; };
/* End PBXBuildFile section */

/* Begin PBXFileReference section */
		DC78DD78282E383B007914D7 /* 12장.app */ = {isa = PBXFileReference; explicitFileType = wrapper.application; includeInIndex = 0; path = "12장.app"; sourceTree = BUILT_PRODUCTS_DIR; };
		DC78DD7B282E383B007914D7 /* AppDelegate.swift */ = {isa = PBXFileReference; lastKnownFileType = sourcecode.swift; path = AppDelegate.swift; sourceTree = "<group>"; };
		DC78DD7D282E383B007914D7 /* SceneDelegate.swift */ = {isa = PBXFileReference; lastKnownFileType = sourcecode.swift; path = SceneDelegate.swift; sourceTree = "<group>"; };
		DC78DD82282E383B007914D7 /* Base */ = {isa = PBXFileReference; lastKnownFileType = file.storyboard; name = Base; path = Base.lproj/Main.storyboard; sourceTree = "<group>"; };
		DC78DD84282E383D007914D7 /* Assets.xcassets */ = {isa = PBXFileReference; lastKnownFileType = folder.assetcatalog; path = Assets.xcassets; sourceTree = "<group>"; };
		DC78DD87282E383D007914D7 /* Base */ = {isa = PBXFileReference; lastKnownFileType = file.storyboard; name = Base; path = Base.lproj/LaunchScreen.storyboard; sourceTree = "<group>"; };
		DC78DD89282E383D007914D7 /* Info.plist */ = {isa = PBXFileReference; lastKnownFileType = text.plist.xml; path = Info.plist; sourceTree = "<group>"; };
		DC78DD8F282E39B3007914D7 /* TableViewController.swift */ = {isa = PBXFileReference; lastKnownFileType = sourcecode.swift; path = TableViewController.swift; sourceTree = "<group>"; };
		DC78DD91282E3A50007914D7 /* AddViewController.swift */ = {isa = PBXFileReference; lastKnownFileType = sourcecode.swift; path = AddViewController.swift; sourceTree = "<group>"; };
		DC78DD93282E3A5D007914D7 /* DetailViewController.swift */ = {isa = PBXFileReference; lastKnownFileType = sourcecode.swift; path = DetailViewController.swift; sourceTree = "<group>"; };
		DC78DD95282E3B61007914D7 /* 2.jpg */ = {isa = PBXFileReference; lastKnownFileType = image.jpeg; path = 2.jpg; sourceTree = "<group>"; };
		DC78DD96282E3B61007914D7 /* 3.jpg */ = {isa = PBXFileReference; lastKnownFileType = image.jpeg; path = 3.jpg; sourceTree = "<group>"; };
		DC78DD97282E3B61007914D7 /* 1.jpg */ = {isa = PBXFileReference; lastKnownFileType = image.jpeg; path = 1.jpg; sourceTree = "<group>"; };
/* End PBXFileReference section */

/* Begin PBXFrameworksBuildPhase section */
		DC78DD75282E383B007914D7 /* Frameworks */ = {
			isa = PBXFrameworksBuildPhase;
			buildActionMask = 2147483647;
			files = (
			);
			runOnlyForDeploymentPostprocessing = 0;
		};
/* End PBXFrameworksBuildPhase section */

/* Begin PBXGroup section */
		DC78DD6F282E383B007914D7 = {
			isa = PBXGroup;
			children = (
				DC78DD7A282E383B007914D7 /* 12장 */,
				DC78DD79282E383B007914D7 /* Products */,
			);
			sourceTree = "<group>";
		};
		DC78DD79282E383B007914D7 /* Products */ = {
			isa = PBXGroup;
			children = (
				DC78DD78282E383B007914D7 /* 12장.app */,
			);
			name = Products;
			sourceTree = "<group>";
		};
		DC78DD7A282E383B007914D7 /* 12장 */ = {
			isa = PBXGroup;
			children = (
				DC78DD97282E3B61007914D7 /* 1.jpg */,
				DC78DD95282E3B61007914D7 /* 2.jpg */,
				DC78DD96282E3B61007914D7 /* 3.jpg */,
				DC78DD7B282E383B007914D7 /* AppDelegate.swift */,
				DC78DD8F282E39B3007914D7 /* TableViewController.swift */,
				DC78DD7D282E383B007914D7 /* SceneDelegate.swift */,
				DC78DD91282E3A50007914D7 /* AddViewController.swift */,
				DC78DD93282E3A5D007914D7 /* DetailViewController.swift */,
				DC78DD81282E383B007914D7 /* Main.storyboard */,
				DC78DD84282E383D007914D7 /* Assets.xcassets */,
				DC78DD86282E383D007914D7 /* LaunchScreen.storyboard */,
				DC78DD89282E383D007914D7 /* Info.plist */,
			);
			path = "12장";
			sourceTree = "<group>";
		};
/* End PBXGroup section */

/* Begin PBXNativeTarget section */
		DC78DD77282E383B007914D7 /* 12장 */ = {
			isa = PBXNativeTarget;
			buildConfigurationList = DC78DD8C282E383D007914D7 /* Build configuration list for PBXNativeTarget "12장" */;
			buildPhases = (
				DC78DD74282E383B007914D7 /* Sources */,
				DC78DD75282E383B007914D7 /* Frameworks */,
				DC78DD76282E383B007914D7 /* Resources */,
			);
			buildRules = (
			);
			dependencies = (
			);
			name = "12장";
			productName = "12장";
			productReference = DC78DD78282E383B007914D7 /* 12장.app */;
			productType = "com.apple.product-type.application";
		};
/* End PBXNativeTarget section */

/* Begin PBXProject section */
		DC78DD70282E383B007914D7 /* Project object */ = {
			isa = PBXProject;
			attributes = {
				BuildIndependentTargetsInParallel = 1;
				LastSwiftUpdateCheck = 1320;
				LastUpgradeCheck = 1320;
				TargetAttributes = {
					DC78DD77282E383B007914D7 = {
						CreatedOnToolsVersion = 13.2.1;
					};
				};
			};
			buildConfigurationList = DC78DD73282E383B007914D7 /* Build configuration list for PBXProject "12장" */;
			compatibilityVersion = "Xcode 13.0";
			developmentRegion = en;
			hasScannedForEncodings = 0;
			knownRegions = (
				en,
				Base,
			);
			mainGroup = DC78DD6F282E383B007914D7;
			productRefGroup = DC78DD79282E383B007914D7 /* Products */;
			projectDirPath = "";
			projectRoot = "";
			targets = (
				DC78DD77282E383B007914D7 /* 12장 */,
			);
		};
/* End PBXProject section */

/* Begin PBXResourcesBuildPhase section */
		DC78DD76282E383B007914D7 /* Resources */ = {
			isa = PBXResourcesBuildPhase;
			buildActionMask = 2147483647;
			files = (
				DC78DD99282E3B61007914D7 /* 3.jpg in Resources */,
				DC78DD88282E383D007914D7 /* LaunchScreen.storyboard in Resources */,
				DC78DD85282E383D007914D7 /* Assets.xcassets in Resources */,
				DC78DD9A282E3B61007914D7 /* 1.jpg in Resources */,
				DC78DD98282E3B61007914D7 /* 2.jpg in Resources */,
				DC78DD83282E383B007914D7 /* Main.storyboard in Resources */,
			);
			runOnlyForDeploymentPostprocessing = 0;
		};
/* End PBXResourcesBuildPhase section */

/* Begin PBXSourcesBuildPhase section */
		DC78DD74282E383B007914D7 /* Sources */ = {
			isa = PBXSourcesBuildPhase;
			buildActionMask = 2147483647;
			files = (
				DC78DD7C282E383B007914D7 /* AppDelegate.swift in Sources */,
				DC78DD90282E39B3007914D7 /* TableViewController.swift in Sources */,
				DC78DD94282E3A5D007914D7 /* DetailViewController.swift in Sources */,
				DC78DD92282E3A50007914D7 /* AddViewController.swift in Sources */,
				DC78DD7E282E383B007914D7 /* SceneDelegate.swift in Sources */,
			);
			runOnlyForDeploymentPostprocessing = 0;
		};
/* End PBXSourcesBuildPhase section */

/* Begin PBXVariantGroup section */
		DC78DD81282E383B007914D7 /* Main.storyboard */ = {
			isa = PBXVariantGroup;
			children = (
				DC78DD82282E383B007914D7 /* Base */,
			);
			name = Main.storyboard;
			sourceTree = "<group>";
		};
		DC78DD86282E383D007914D7 /* LaunchScreen.storyboard */ = {
			isa = PBXVariantGroup;
			children = (
				DC78DD87282E383D007914D7 /* Base */,
			);
			name = LaunchScreen.storyboard;
			sourceTree = "<group>";
		};
/* End PBXVariantGroup section */

/* Begin XCBuildConfiguration section */
		DC78DD8A282E383D007914D7 /* Debug */ = {
			isa = XCBuildConfiguration;
			buildSettings = {
				ALWAYS_SEARCH_USER_PATHS = NO;
				CLANG_ANALYZER_NONNULL = YES;
				CLANG_ANALYZER_NUMBER_OBJECT_CONVERSION = YES_AGGRESSIVE;
				CLANG_CXX_LANGUAGE_STANDARD = "gnu++17";
				CLANG_CXX_LIBRARY = "libc++";
				CLANG_ENABLE_MODULES = YES;
				CLANG_ENABLE_OBJC_ARC = YES;
				CLANG_ENABLE_OBJC_WEAK = YES;
				CLANG_WARN_BLOCK_CAPTURE_AUTORELEASING = YES;
				CLANG_WARN_BOOL_CONVERSION = YES;
				CLANG_WARN_COMMA = YES;
				CLANG_WARN_CONSTANT_CONVERSION = YES;
				CLANG_WARN_DEPRECATED_OBJC_IMPLEMENTATIONS = YES;
				CLANG_WARN_DIRECT_OBJC_ISA_USAGE = YES_ERROR;
				CLANG_WARN_DOCUMENTATION_COMMENTS = YES;
				CLANG_WARN_EMPTY_BODY = YES;
				CLANG_WARN_ENUM_CONVERSION = YES;
				CLANG_WARN_INFINITE_RECURSION = YES;
				CLANG_WARN_INT_CONVERSION = YES;
				CLANG_WARN_NON_LITERAL_NULL_CONVERSION = YES;
				CLANG_WARN_OBJC_IMPLICIT_RETAIN_SELF = YES;
				CLANG_WARN_OBJC_LITERAL_CONVERSION = YES;
				CLANG_WARN_OBJC_ROOT_CLASS = YES_ERROR;
				CLANG_WARN_QUOTED_INCLUDE_IN_FRAMEWORK_HEADER = YES;
				CLANG_WARN_RANGE_LOOP_ANALYSIS = YES;
				CLANG_WARN_STRICT_PROTOTYPES = YES;
				CLANG_WARN_SUSPICIOUS_MOVE = YES;
				CLANG_WARN_UNGUARDED_AVAILABILITY = YES_AGGRESSIVE;
				CLANG_WARN_UNREACHABLE_CODE = YES;
				CLANG_WARN__DUPLICATE_METHOD_MATCH = YES;
				COPY_PHASE_STRIP = NO;
				DEBUG_INFORMATION_FORMAT = dwarf;
				ENABLE_STRICT_OBJC_MSGSEND = YES;
				ENABLE_TESTABILITY = YES;
				GCC_C_LANGUAGE_STANDARD = gnu11;
				GCC_DYNAMIC_NO_PIC = NO;
				GCC_NO_COMMON_BLOCKS = YES;
				GCC_OPTIMIZATION_LEVEL = 0;
				GCC_PREPROCESSOR_DEFINITIONS = (
					"DEBUG=1",
					"$(inherited)",
				);
				GCC_WARN_64_TO_32_BIT_CONVERSION = YES;
				GCC_WARN_ABOUT_RETURN_TYPE = YES_ERROR;
				GCC_WARN_UNDECLARED_SELECTOR = YES;
				GCC_WARN_UNINITIALIZED_AUTOS = YES_AGGRESSIVE;
				GCC_WARN_UNUSED_FUNCTION = YES;
				GCC_WARN_UNUSED_VARIABLE = YES;
				IPHONEOS_DEPLOYMENT_TARGET = 15.2;
				MTL_ENABLE_DEBUG_INFO = INCLUDE_SOURCE;
				MTL_FAST_MATH = YES;
				ONLY_ACTIVE_ARCH = YES;
				SDKROOT = iphoneos;
				SWIFT_ACTIVE_COMPILATION_CONDITIONS = DEBUG;
				SWIFT_OPTIMIZATION_LEVEL = "-Onone";
			};
			name = Debug;
		};
		DC78DD8B282E383D007914D7 /* Release */ = {
			isa = XCBuildConfiguration;
			buildSettings = {
				ALWAYS_SEARCH_USER_PATHS = NO;
				CLANG_ANALYZER_NONNULL = YES;
				CLANG_ANALYZER_NUMBER_OBJECT_CONVERSION = YES_AGGRESSIVE;
				CLANG_CXX_LANGUAGE_STANDARD = "gnu++17";
				CLANG_CXX_LIBRARY = "libc++";
				CLANG_ENABLE_MODULES = YES;
				CLANG_ENABLE_OBJC_ARC = YES;
				CLANG_ENABLE_OBJC_WEAK = YES;
				CLANG_WARN_BLOCK_CAPTURE_AUTORELEASING = YES;
				CLANG_WARN_BOOL_CONVERSION = YES;
				CLANG_WARN_COMMA = YES;
				CLANG_WARN_CONSTANT_CONVERSION = YES;
				CLANG_WARN_DEPRECATED_OBJC_IMPLEMENTATIONS = YES;
				CLANG_WARN_DIRECT_OBJC_ISA_USAGE = YES_ERROR;
				CLANG_WARN_DOCUMENTATION_COMMENTS = YES;
				CLANG_WARN_EMPTY_BODY = YES;
				CLANG_WARN_ENUM_CONVERSION = YES;
				CLANG_WARN_INFINITE_RECURSION = YES;
				CLANG_WARN_INT_CONVERSION = YES;
				CLANG_WARN_NON_LITERAL_NULL_CONVERSION = YES;
				CLANG_WARN_OBJC_IMPLICIT_RETAIN_SELF = YES;
				CLANG_WARN_OBJC_LITERAL_CONVERSION = YES;
				CLANG_WARN_OBJC_ROOT_CLASS = YES_ERROR;
				CLANG_WARN_QUOTED_INCLUDE_IN_FRAMEWORK_HEADER = YES;
				CLANG_WARN_RANGE_LOOP_ANALYSIS = YES;
				CLANG_WARN_STRICT_PROTOTYPES = YES;
				CLANG_WARN_SUSPICIOUS_MOVE = YES;
				CLANG_WARN_UNGUARDED_AVAILABILITY = YES_AGGRESSIVE;
				CLANG_WARN_UNREACHABLE_CODE = YES;
				CLANG_WARN__DUPLICATE_METHOD_MATCH = YES;
				COPY_PHASE_STRIP = NO;
				DEBUG_INFORMATION_FORMAT = "dwarf-with-dsym";
				ENABLE_NS_ASSERTIONS = NO;
				ENABLE_STRICT_OBJC_MSGSEND = YES;
				GCC_C_LANGUAGE_STANDARD = gnu11;
				GCC_NO_COMMON_BLOCKS = YES;
				GCC_WARN_64_TO_32_BIT_CONVERSION = YES;
				GCC_WARN_ABOUT_RETURN_TYPE = YES_ERROR;
				GCC_WARN_UNDECLARED_SELECTOR = YES;
				GCC_WARN_UNINITIALIZED_AUTOS = YES_AGGRESSIVE;
				GCC_WARN_UNUSED_FUNCTION = YES;
				GCC_WARN_UNUSED_VARIABLE = YES;
				IPHONEOS_DEPLOYMENT_TARGET = 15.2;
				MTL_ENABLE_DEBUG_INFO = NO;
				MTL_FAST_MATH = YES;
				SDKROOT = iphoneos;
				SWIFT_COMPILATION_MODE = wholemodule;
				SWIFT_OPTIMIZATION_LEVEL = "-O";
				VALIDATE_PRODUCT = YES;
			};
			name = Release;
		};
		DC78DD8D282E383D007914D7 /* Debug */ = {
			isa = XCBuildConfiguration;
			buildSettings = {
				ASSETCATALOG_COMPILER_APPICON_NAME = AppIcon;
				ASSETCATALOG_COMPILER_GLOBAL_ACCENT_COLOR_NAME = AccentColor;
				CODE_SIGN_STYLE = Automatic;
				CURRENT_PROJECT_VERSION = 1;
				GENERATE_INFOPLIST_FILE = YES;
				INFOPLIST_FILE = "12장/Info.plist";
				INFOPLIST_KEY_UIApplicationSupportsIndirectInputEvents = YES;
				INFOPLIST_KEY_UILaunchStoryboardName = LaunchScreen;
				INFOPLIST_KEY_UIMainStoryboardFile = Main;
				INFOPLIST_KEY_UISupportedInterfaceOrientations_iPad = "UIInterfaceOrientationPortrait UIInterfaceOrientationPortraitUpsideDown UIInterfaceOrientationLandscapeLeft UIInterfaceOrientationLandscapeRight";
				INFOPLIST_KEY_UISupportedInterfaceOrientations_iPhone = "UIInterfaceOrientationPortrait UIInterfaceOrientationLandscapeLeft UIInterfaceOrientationLandscapeRight";
				LD_RUNPATH_SEARCH_PATHS = (
					"$(inherited)",
					"@executable_path/Frameworks",
				);
				MARKETING_VERSION = 1.0;
				PRODUCT_BUNDLE_IDENTIFIER = "kr.ac.induk.www.-2---";
				PRODUCT_NAME = "$(TARGET_NAME)";
				SWIFT_EMIT_LOC_STRINGS = YES;
				SWIFT_VERSION = 5.0;
				TARGETED_DEVICE_FAMILY = "1,2";
			};
			name = Debug;
		};
		DC78DD8E282E383D007914D7 /* Release */ = {
			isa = XCBuildConfiguration;
			buildSettings = {
				ASSETCATALOG_COMPILER_APPICON_NAME = AppIcon;
				ASSETCATALOG_COMPILER_GLOBAL_ACCENT_COLOR_NAME = AccentColor;
				CODE_SIGN_STYLE = Automatic;
				CURRENT_PROJECT_VERSION = 1;
				GENERATE_INFOPLIST_FILE = YES;
				INFOPLIST_FILE = "12장/Info.plist";
				INFOPLIST_KEY_UIApplicationSupportsIndirectInputEvents = YES;
				INFOPLIST_KEY_UILaunchStoryboardName = LaunchScreen;
				INFOPLIST_KEY_UIMainStoryboardFile = Main;
				INFOPLIST_KEY_UISupportedInterfaceOrientations_iPad = "UIInterfaceOrientationPortrait UIInterfaceOrientationPortraitUpsideDown UIInterfaceOrientationLandscapeLeft UIInterfaceOrientationLandscapeRight";
				INFOPLIST_KEY_UISupportedInterfaceOrientations_iPhone = "UIInterfaceOrientationPortrait UIInterfaceOrientationLandscapeLeft UIInterfaceOrientationLandscapeRight";
				LD_RUNPATH_SEARCH_PATHS = (
					"$(inherited)",
					"@executable_path/Frameworks",
				);
				MARKETING_VERSION = 1.0;
				PRODUCT_BUNDLE_IDENTIFIER = "kr.ac.induk.www.-2---";
				PRODUCT_NAME = "$(TARGET_NAME)";
				SWIFT_EMIT_LOC_STRINGS = YES;
				SWIFT_VERSION = 5.0;
				TARGETED_DEVICE_FAMILY = "1,2";
			};
			name = Release;
		};
/* End XCBuildConfiguration section */

/* Begin XCConfigurationList section */
		DC78DD73282E383B007914D7 /* Build configuration list for PBXProject "12장" */ = {
			isa = XCConfigurationList;
			buildConfigurations = (
				DC78DD8A282E383D007914D7 /* Debug */,
				DC78DD8B282E383D007914D7 /* Release */,
			);
			defaultConfigurationIsVisible = 0;
			defaultConfigurationName = Release;
		};
		DC78DD8C282E383D007914D7 /* Build configuration list for PBXNativeTarget "12장" */ = {
			isa = XCConfigurationList;
			buildConfigurations = (
				DC78DD8D282E383D007914D7 /* Debug */,
				DC78DD8E282E383D007914D7 /* Release */,
			);
			defaultConfigurationIsVisible = 0;
			defaultConfigurationName = Release;
		};
/* End XCConfigurationList section */
	};
	rootObject = DC78DD70282E383B007914D7 /* Project object */;
}
